{
  "name": "@jn-se/node-red-contrib-heos",
  "version": "0.3.1",
  "lockfileVersion": 3,
  "requires": true,
  "packages": {
    "": {
      "name": "@jn-se/node-red-contrib-heos",
      "version": "0.3.1",
      "license": "Apache-2.0",
      "dependencies": {
        "heos-api": "^4.0.0"
      },
      "engines": {
        "node": ">=14"
      }
    },
    "node_modules/heos-api": {
      "version": "4.0.0",
      "resolved": "https://registry.npmjs.org/heos-api/-/heos-api-4.0.0.tgz",
      "integrity": "sha512-d/V7MUPno425DXDqtA+Y02V9zpDF7iPtSHUOWVZejmNjIUbhWYXOzTGPkjVGCy/e1fcYicBh+osVIdmkOZx8SA==",
      "engines": {
        "node": ">=8.0.0"
      }
    }
  }
}
